
Microsoft Visual Studio Solution File, Format Version 12.00
# Visual Studio Version 16
VisualStudioVersion = 16.0.810.14
MinimumVisualStudioVersion = 10.0.40219.1
Project("{FAE04EC0-301F-11D3-BF4B-00C04F79EFBC}") = "Sklep", "Sklep\Sklep.csproj", "{8029689D-B4AC-42E1-B9E6-8CA4DCEA716A}"
EndProject
Global
	GlobalSection(SolutionConfigurationPlatforms) = preSolution
		Debug|Any CPU = Debug|Any CPU
		Release|Any CPU = Release|Any CPU
	EndGlobalSection
	GlobalSection(ProjectConfigurationPlatforms) = postSolution
		{8029689D-B4AC-42E1-B9E6-8CA4DCEA716A}.Debug|Any CPU.ActiveCfg = Debug|Any CPU
		{8029689D-B4AC-42E1-B9E6-8CA4DCEA716A}.Debug|Any CPU.Build.0 = Debug|Any CPU
		{8029689D-B4AC-42E1-B9E6-8CA4DCEA716A}.Release|Any CPU.ActiveCfg = Release|Any CPU
		{8029689D-B4AC-42E1-B9E6-8CA4DCEA716A}.Release|Any CPU.Build.0 = Release|Any CPU
	EndGlobalSection
	GlobalSection(SolutionProperties) = preSolution
		HideSolutionNode = FALSE
	EndGlobalSection
	GlobalSection(ExtensibilityGlobals) = postSolution
		SolutionGuid = {2878F611-79D3-46D8-89A2-DFD6B1370442}
	EndGlobalSection
EndGlobal
